
Microsoft Visual Studio Solution File, Format Version 12.00
# Visual Studio Version 16
VisualStudioVersion = 16.0.29215.179
MinimumVisualStudioVersion = 10.0.40219.1
Project("{FAE04EC0-301F-11D3-BF4B-00C04F79EFBC}") = "RentACar", "RentACar\RentACar.csproj", "{EB1C41FE-6902-4EEF-BA34-584D9F2F5FAA}"
EndProject
Global
	GlobalSection(SolutionConfigurationPlatforms) = preSolution
		Debug|Any CPU = Debug|Any CPU
		Release|Any CPU = Release|Any CPU
	EndGlobalSection
	GlobalSection(ProjectConfigurationPlatforms) = postSolution
		{EB1C41FE-6902-4EEF-BA34-584D9F2F5FAA}.Debug|Any CPU.ActiveCfg = Debug|Any CPU
		{EB1C41FE-6902-4EEF-BA34-584D9F2F5FAA}.Debug|Any CPU.Build.0 = Debug|Any CPU
		{EB1C41FE-6902-4EEF-BA34-584D9F2F5FAA}.Release|Any CPU.ActiveCfg = Release|Any CPU
		{EB1C41FE-6902-4EEF-BA34-584D9F2F5FAA}.Release|Any CPU.Build.0 = Release|Any CPU
	EndGlobalSection
	GlobalSection(SolutionProperties) = preSolution
		HideSolutionNode = FALSE
	EndGlobalSection
	GlobalSection(ExtensibilityGlobals) = postSolution
		SolutionGuid = {5DA5D898-C5E2-4AC9-8A9C-50C519D7D05B}
	EndGlobalSection
EndGlobal
